# THIS IS AN AUTOGENERATED FILE. DO NOT EDIT THIS FILE DIRECTLY.
# yarn lockfile v1


"@types/node@*":
  version "15.12.4"
  resolved "https://registry.yarnpkg.com/@types/node/-/node-15.12.4.tgz#e1cf817d70a1e118e81922c4ff6683ce9d422e26"
  integrity sha512-zrNj1+yqYF4WskCMOHwN+w9iuD12+dGm0rQ35HLl9/Ouuq52cEtd0CH9qMgrdNmi5ejC1/V7vKEXYubB+65DkA==

"@types/nodemailer@^6.4.2":
  version "6.4.2"
  resolved "https://registry.yarnpkg.com/@types/nodemailer/-/nodemailer-6.4.2.tgz#d8ee254c969e6ad83fb9a0a0df3a817406a3fa3b"
  integrity sha512-yhsqg5Xbr8aWdwjFS3QjkniW5/tLpWXtOYQcJdo9qE3DolBxsKzgRCQrteaMY0hos8MklJNSEsMqDpZynGzMNg==
  dependencies:
    "@types/node" "*"

marked@^2.1.1:
  version "2.1.1"
  resolved "https://registry.yarnpkg.com/marked/-/marked-2.1.1.tgz#b7c27f520fc4de0ddd049d9b4be3b04e06314923"
  integrity sha512-5XFS69o9CzDpQDSpUYC+AN2xvq8yl1EGa5SG/GI1hP78/uTeo3PDfiDNmsUyiahpyhToDDJhQk7fNtJsga+KVw==

nodemailer@^6.6.2:
  version "6.6.2"
  resolved "https://registry.yarnpkg.com/nodemailer/-/nodemailer-6.6.2.tgz#e184c9ed5bee245a3e0bcabc7255866385757114"
  integrity sha512-YSzu7TLbI+bsjCis/TZlAXBoM4y93HhlIgo0P5oiA2ua9Z4k+E2Fod//ybIzdJxOlXGRcHIh/WaeCBehvxZb/Q==
