# THIS IS AN AUTOGENERATED FILE. DO NOT EDIT THIS FILE DIRECTLY.
# yarn lockfile v1


string-replace-async@^2.0.0:
  version "2.0.0"
  resolved "https://registry.yarnpkg.com/string-replace-async/-/string-replace-async-2.0.0.tgz#c3224e89d1216d6116e6e229cf74223cd84a733b"
  integrity sha512-AHMupZscUiDh07F1QziX7PLoB1DQ/pzu19vc8Xa8LwZcgnOXaw7yCgBuSYrxVEfaM2d8scc3Gtp+i+QJZV+spw==
